// !$*UTF8*$!
{
	archiveVersion = 1;
	classes = {
	};
	objectVersion = 55;
	objects = {

/* Begin PBXBuildFile section */
		C1D93A922972050600EA6EFD /* expensetrackerApp.swift in Sources */ = {isa = PBXBuildFile; fileRef = C1D93A912972050600EA6EFD /* expensetrackerApp.swift */; };
		C1D93A942972050600EA6EFD /* ContentView.swift in Sources */ = {isa = PBXBuildFile; fileRef = C1D93A932972050600EA6EFD /* ContentView.swift */; };
		C1D93A962972050700EA6EFD /* Assets.xcassets in Resources */ = {isa = PBXBuildFile; fileRef = C1D93A952972050700EA6EFD /* Assets.xcassets */; };
		C1D93A992972050700EA6EFD /* Preview Assets.xcassets in Resources */ = {isa = PBXBuildFile; fileRef = C1D93A982972050700EA6EFD /* Preview Assets.xcassets */; };
		C1D93AC02972215500EA6EFD /* SwiftUIFontIcon in Frameworks */ = {isa = PBXBuildFile; productRef = C1D93ABF2972215500EA6EFD /* SwiftUIFontIcon */; };
		C1D93AC32972218300EA6EFD /* SwiftUICharts in Frameworks */ = {isa = PBXBuildFile; productRef = C1D93AC22972218300EA6EFD /* SwiftUICharts */; };
		C1D93AC62972219F00EA6EFD /* Collections in Frameworks */ = {isa = PBXBuildFile; productRef = C1D93AC52972219F00EA6EFD /* Collections */; };
		C1D93AC82972219F00EA6EFD /* DequeModule in Frameworks */ = {isa = PBXBuildFile; productRef = C1D93AC72972219F00EA6EFD /* DequeModule */; };
		C1D93ACA2972219F00EA6EFD /* OrderedCollections in Frameworks */ = {isa = PBXBuildFile; productRef = C1D93AC92972219F00EA6EFD /* OrderedCollections */; };
/* End PBXBuildFile section */

/* Begin PBXFileReference section */
		C1D93A8E2972050600EA6EFD /* expensetracker.app */ = {isa = PBXFileReference; explicitFileType = wrapper.application; includeInIndex = 0; path = expensetracker.app; sourceTree = BUILT_PRODUCTS_DIR; };
		C1D93A912972050600EA6EFD /* expensetrackerApp.swift */ = {isa = PBXFileReference; lastKnownFileType = sourcecode.swift; path = expensetrackerApp.swift; sourceTree = "<group>"; };
		C1D93A932972050600EA6EFD /* ContentView.swift */ = {isa = PBXFileReference; lastKnownFileType = sourcecode.swift; path = ContentView.swift; sourceTree = "<group>"; };
		C1D93A952972050700EA6EFD /* Assets.xcassets */ = {isa = PBXFileReference; lastKnownFileType = folder.assetcatalog; path = Assets.xcassets; sourceTree = "<group>"; };
		C1D93A982972050700EA6EFD /* Preview Assets.xcassets */ = {isa = PBXFileReference; lastKnownFileType = folder.assetcatalog; path = "Preview Assets.xcassets"; sourceTree = "<group>"; };
/* End PBXFileReference section */

/* Begin PBXFrameworksBuildPhase section */
		C1D93A8B2972050500EA6EFD /* Frameworks */ = {
			isa = PBXFrameworksBuildPhase;
			buildActionMask = 2147483647;
			files = (
				C1D93ACA2972219F00EA6EFD /* OrderedCollections in Frameworks */,
				C1D93AC62972219F00EA6EFD /* Collections in Frameworks */,
				C1D93AC82972219F00EA6EFD /* DequeModule in Frameworks */,
				C1D93AC02972215500EA6EFD /* SwiftUIFontIcon in Frameworks */,
				C1D93AC32972218300EA6EFD /* SwiftUICharts in Frameworks */,
			);
			runOnlyForDeploymentPostprocessing = 0;
		};
/* End PBXFrameworksBuildPhase section */

/* Begin PBXGroup section */
		C1D93A852972050500EA6EFD = {
			isa = PBXGroup;
			children = (
				C1D93A902972050600EA6EFD /* expensetracker */,
				C1D93A8F2972050600EA6EFD /* Products */,
			);
			sourceTree = "<group>";
		};
		C1D93A8F2972050600EA6EFD /* Products */ = {
			isa = PBXGroup;
			children = (
				C1D93A8E2972050600EA6EFD /* expensetracker.app */,
			);
			name = Products;
			sourceTree = "<group>";
		};
		C1D93A902972050600EA6EFD /* expensetracker */ = {
			isa = PBXGroup;
			children = (
				C1D93A912972050600EA6EFD /* expensetrackerApp.swift */,
				C1D93A932972050600EA6EFD /* ContentView.swift */,
				C1D93A952972050700EA6EFD /* Assets.xcassets */,
				C1D93A972972050700EA6EFD /* Preview Content */,
			);
			path = expensetracker;
			sourceTree = "<group>";
		};
		C1D93A972972050700EA6EFD /* Preview Content */ = {
			isa = PBXGroup;
			children = (
				C1D93A982972050700EA6EFD /* Preview Assets.xcassets */,
			);
			path = "Preview Content";
			sourceTree = "<group>";
		};
/* End PBXGroup section */

/* Begin PBXNativeTarget section */
		C1D93A8D2972050500EA6EFD /* expensetracker */ = {
			isa = PBXNativeTarget;
			buildConfigurationList = C1D93A9C2972050700EA6EFD /* Build configuration list for PBXNativeTarget "expensetracker" */;
			buildPhases = (
				C1D93A8A2972050500EA6EFD /* Sources */,
				C1D93A8B2972050500EA6EFD /* Frameworks */,
				C1D93A8C2972050500EA6EFD /* Resources */,
			);
			buildRules = (
			);
			dependencies = (
			);
			name = expensetracker;
			packageProductDependencies = (
				C1D93ABF2972215500EA6EFD /* SwiftUIFontIcon */,
				C1D93AC22972218300EA6EFD /* SwiftUICharts */,
				C1D93AC52972219F00EA6EFD /* Collections */,
				C1D93AC72972219F00EA6EFD /* DequeModule */,
				C1D93AC92972219F00EA6EFD /* OrderedCollections */,
			);
			productName = expensetracker;
			productReference = C1D93A8E2972050600EA6EFD /* expensetracker.app */;
			productType = "com.apple.product-type.application";
		};
/* End PBXNativeTarget section */

/* Begin PBXProject section */
		C1D93A862972050500EA6EFD /* Project object */ = {
			isa = PBXProject;
			attributes = {
				BuildIndependentTargetsInParallel = 1;
				LastSwiftUpdateCheck = 1340;
				LastUpgradeCheck = 1340;
				TargetAttributes = {
					C1D93A8D2972050500EA6EFD = {
						CreatedOnToolsVersion = 13.4.1;
					};
				};
			};
			buildConfigurationList = C1D93A892972050500EA6EFD /* Build configuration list for PBXProject "expensetracker" */;
			compatibilityVersion = "Xcode 13.0";
			developmentRegion = en;
			hasScannedForEncodings = 0;
			knownRegions = (
				en,
				Base,
			);
			mainGroup = C1D93A852972050500EA6EFD;
			packageReferences = (
				C1D93ABE2972215500EA6EFD /* XCRemoteSwiftPackageReference "SwiftUIFontIcon" */,
				C1D93AC12972218300EA6EFD /* XCRemoteSwiftPackageReference "ChartView" */,
				C1D93AC42972219F00EA6EFD /* XCRemoteSwiftPackageReference "swift-collections" */,
			);
			productRefGroup = C1D93A8F2972050600EA6EFD /* Products */;
			projectDirPath = "";
			projectRoot = "";
			targets = (
				C1D93A8D2972050500EA6EFD /* expensetracker */,
			);
		};
/* End PBXProject section */

/* Begin PBXResourcesBuildPhase section */
		C1D93A8C2972050500EA6EFD /* Resources */ = {
			isa = PBXResourcesBuildPhase;
			buildActionMask = 2147483647;
			files = (
				C1D93A992972050700EA6EFD /* Preview Assets.xcassets in Resources */,
				C1D93A962972050700EA6EFD /* Assets.xcassets in Resources */,
			);
			runOnlyForDeploymentPostprocessing = 0;
		};
/* End PBXResourcesBuildPhase section */

/* Begin PBXSourcesBuildPhase section */
		C1D93A8A2972050500EA6EFD /* Sources */ = {
			isa = PBXSourcesBuildPhase;
			buildActionMask = 2147483647;
			files = (
				C1D93A942972050600EA6EFD /* ContentView.swift in Sources */,
				C1D93A922972050600EA6EFD /* expensetrackerApp.swift in Sources */,
			);
			runOnlyForDeploymentPostprocessing = 0;
		};
/* End PBXSourcesBuildPhase section */

/* Begin XCBuildConfiguration section */
		C1D93A9A2972050700EA6EFD /* Debug */ = {
			isa = XCBuildConfiguration;
			buildSettings = {
				ALWAYS_SEARCH_USER_PATHS = NO;
				CLANG_ANALYZER_NONNULL = YES;
				CLANG_ANALYZER_NUMBER_OBJECT_CONVERSION = YES_AGGRESSIVE;
				CLANG_CXX_LANGUAGE_STANDARD = "gnu++17";
				CLANG_ENABLE_MODULES = YES;
				CLANG_ENABLE_OBJC_ARC = YES;
				CLANG_ENABLE_OBJC_WEAK = YES;
				CLANG_WARN_BLOCK_CAPTURE_AUTORELEASING = YES;
				CLANG_WARN_BOOL_CONVERSION = YES;
				CLANG_WARN_COMMA = YES;
				CLANG_WARN_CONSTANT_CONVERSION = YES;
				CLANG_WARN_DEPRECATED_OBJC_IMPLEMENTATIONS = YES;
				CLANG_WARN_DIRECT_OBJC_ISA_USAGE = YES_ERROR;
				CLANG_WARN_DOCUMENTATION_COMMENTS = YES;
				CLANG_WARN_EMPTY_BODY = YES;
				CLANG_WARN_ENUM_CONVERSION = YES;
				CLANG_WARN_INFINITE_RECURSION = YES;
				CLANG_WARN_INT_CONVERSION = YES;
				CLANG_WARN_NON_LITERAL_NULL_CONVERSION = YES;
				CLANG_WARN_OBJC_IMPLICIT_RETAIN_SELF = YES;
				CLANG_WARN_OBJC_LITERAL_CONVERSION = YES;
				CLANG_WARN_OBJC_ROOT_CLASS = YES_ERROR;
				CLANG_WARN_QUOTED_INCLUDE_IN_FRAMEWORK_HEADER = YES;
				CLANG_WARN_RANGE_LOOP_ANALYSIS = YES;
				CLANG_WARN_STRICT_PROTOTYPES = YES;
				CLANG_WARN_SUSPICIOUS_MOVE = YES;
				CLANG_WARN_UNGUARDED_AVAILABILITY = YES_AGGRESSIVE;
				CLANG_WARN_UNREACHABLE_CODE = YES;
				CLANG_WARN__DUPLICATE_METHOD_MATCH = YES;
				COPY_PHASE_STRIP = NO;
				DEBUG_INFORMATION_FORMAT = dwarf;
				ENABLE_STRICT_OBJC_MSGSEND = YES;
				ENABLE_TESTABILITY = YES;
				GCC_C_LANGUAGE_STANDARD = gnu11;
				GCC_DYNAMIC_NO_PIC = NO;
				GCC_NO_COMMON_BLOCKS = YES;
				GCC_OPTIMIZATION_LEVEL = 0;
				GCC_PREPROCESSOR_DEFINITIONS = (
					"DEBUG=1",
					"$(inherited)",
				);
				GCC_WARN_64_TO_32_BIT_CONVERSION = YES;
				GCC_WARN_ABOUT_RETURN_TYPE = YES_ERROR;
				GCC_WARN_UNDECLARED_SELECTOR = YES;
				GCC_WARN_UNINITIALIZED_AUTOS = YES_AGGRESSIVE;
				GCC_WARN_UNUSED_FUNCTION = YES;
				GCC_WARN_UNUSED_VARIABLE = YES;
				IPHONEOS_DEPLOYMENT_TARGET = 15.5;
				MTL_ENABLE_DEBUG_INFO = INCLUDE_SOURCE;
				MTL_FAST_MATH = YES;
				ONLY_ACTIVE_ARCH = YES;
				SDKROOT = iphoneos;
				SWIFT_ACTIVE_COMPILATION_CONDITIONS = DEBUG;
				SWIFT_OPTIMIZATION_LEVEL = "-Onone";
			};
			name = Debug;
		};
		C1D93A9B2972050700EA6EFD /* Release */ = {
			isa = XCBuildConfiguration;
			buildSettings = {
				ALWAYS_SEARCH_USER_PATHS = NO;
				CLANG_ANALYZER_NONNULL = YES;
				CLANG_ANALYZER_NUMBER_OBJECT_CONVERSION = YES_AGGRESSIVE;
				CLANG_CXX_LANGUAGE_STANDARD = "gnu++17";
				CLANG_ENABLE_MODULES = YES;
				CLANG_ENABLE_OBJC_ARC = YES;
				CLANG_ENABLE_OBJC_WEAK = YES;
				CLANG_WARN_BLOCK_CAPTURE_AUTORELEASING = YES;
				CLANG_WARN_BOOL_CONVERSION = YES;
				CLANG_WARN_COMMA = YES;
				CLANG_WARN_CONSTANT_CONVERSION = YES;
				CLANG_WARN_DEPRECATED_OBJC_IMPLEMENTATIONS = YES;
				CLANG_WARN_DIRECT_OBJC_ISA_USAGE = YES_ERROR;
				CLANG_WARN_DOCUMENTATION_COMMENTS = YES;
				CLANG_WARN_EMPTY_BODY = YES;
				CLANG_WARN_ENUM_CONVERSION = YES;
				CLANG_WARN_INFINITE_RECURSION = YES;
				CLANG_WARN_INT_CONVERSION = YES;
				CLANG_WARN_NON_LITERAL_NULL_CONVERSION = YES;
				CLANG_WARN_OBJC_IMPLICIT_RETAIN_SELF = YES;
				CLANG_WARN_OBJC_LITERAL_CONVERSION = YES;
				CLANG_WARN_OBJC_ROOT_CLASS = YES_ERROR;
				CLANG_WARN_QUOTED_INCLUDE_IN_FRAMEWORK_HEADER = YES;
				CLANG_WARN_RANGE_LOOP_ANALYSIS = YES;
				CLANG_WARN_STRICT_PROTOTYPES = YES;
				CLANG_WARN_SUSPICIOUS_MOVE = YES;
				CLANG_WARN_UNGUARDED_AVAILABILITY = YES_AGGRESSIVE;
				CLANG_WARN_UNREACHABLE_CODE = YES;
				CLANG_WARN__DUPLICATE_METHOD_MATCH = YES;
				COPY_PHASE_STRIP = NO;
				DEBUG_INFORMATION_FORMAT = "dwarf-with-dsym";
				ENABLE_NS_ASSERTIONS = NO;
				ENABLE_STRICT_OBJC_MSGSEND = YES;
				GCC_C_LANGUAGE_STANDARD = gnu11;
				GCC_NO_COMMON_BLOCKS = YES;
				GCC_WARN_64_TO_32_BIT_CONVERSION = YES;
				GCC_WARN_ABOUT_RETURN_TYPE = YES_ERROR;
				GCC_WARN_UNDECLARED_SELECTOR = YES;
				GCC_WARN_UNINITIALIZED_AUTOS = YES_AGGRESSIVE;
				GCC_WARN_UNUSED_FUNCTION = YES;
				GCC_WARN_UNUSED_VARIABLE = YES;
				IPHONEOS_DEPLOYMENT_TARGET = 15.5;
				MTL_ENABLE_DEBUG_INFO = NO;
				MTL_FAST_MATH = YES;
				SDKROOT = iphoneos;
				SWIFT_COMPILATION_MODE = wholemodule;
				SWIFT_OPTIMIZATION_LEVEL = "-O";
				VALIDATE_PRODUCT = YES;
			};
			name = Release;
		};
		C1D93A9D2972050700EA6EFD /* Debug */ = {
			isa = XCBuildConfiguration;
			buildSettings = {
				ASSETCATALOG_COMPILER_APPICON_NAME = AppIcon;
				ASSETCATALOG_COMPILER_GLOBAL_ACCENT_COLOR_NAME = AccentColor;
				CODE_SIGN_STYLE = Automatic;
				CURRENT_PROJECT_VERSION = 1;
				DEVELOPMENT_ASSET_PATHS = "\"expensetracker/Preview Content\"";
				DEVELOPMENT_TEAM = T8J5P386S4;
				ENABLE_PREVIEWS = YES;
				GENERATE_INFOPLIST_FILE = YES;
				INFOPLIST_KEY_UIApplicationSceneManifest_Generation = YES;
				INFOPLIST_KEY_UIApplicationSupportsIndirectInputEvents = YES;
				INFOPLIST_KEY_UILaunchScreen_Generation = YES;
				INFOPLIST_KEY_UISupportedInterfaceOrientations_iPad = "UIInterfaceOrientationPortrait UIInterfaceOrientationPortraitUpsideDown UIInterfaceOrientationLandscapeLeft UIInterfaceOrientationLandscapeRight";
				INFOPLIST_KEY_UISupportedInterfaceOrientations_iPhone = "UIInterfaceOrientationPortrait UIInterfaceOrientationLandscapeLeft UIInterfaceOrientationLandscapeRight";
				LD_RUNPATH_SEARCH_PATHS = (
					"$(inherited)",
					"@executable_path/Frameworks",
				);
				MARKETING_VERSION = 1.0;
				PRODUCT_BUNDLE_IDENTIFIER = com.kg.expensetracker;
				PRODUCT_NAME = "$(TARGET_NAME)";
				SWIFT_EMIT_LOC_STRINGS = YES;
				SWIFT_VERSION = 5.0;
				TARGETED_DEVICE_FAMILY = "1,2";
			};
			name = Debug;
		};
		C1D93A9E2972050700EA6EFD /* Release */ = {
			isa = XCBuildConfiguration;
			buildSettings = {
				ASSETCATALOG_COMPILER_APPICON_NAME = AppIcon;
				ASSETCATALOG_COMPILER_GLOBAL_ACCENT_COLOR_NAME = AccentColor;
				CODE_SIGN_STYLE = Automatic;
				CURRENT_PROJECT_VERSION = 1;
				DEVELOPMENT_ASSET_PATHS = "\"expensetracker/Preview Content\"";
				DEVELOPMENT_TEAM = T8J5P386S4;
				ENABLE_PREVIEWS = YES;
				GENERATE_INFOPLIST_FILE = YES;
				INFOPLIST_KEY_UIApplicationSceneManifest_Generation = YES;
				INFOPLIST_KEY_UIApplicationSupportsIndirectInputEvents = YES;
				INFOPLIST_KEY_UILaunchScreen_Generation = YES;
				INFOPLIST_KEY_UISupportedInterfaceOrientations_iPad = "UIInterfaceOrientationPortrait UIInterfaceOrientationPortraitUpsideDown UIInterfaceOrientationLandscapeLeft UIInterfaceOrientationLandscapeRight";
				INFOPLIST_KEY_UISupportedInterfaceOrientations_iPhone = "UIInterfaceOrientationPortrait UIInterfaceOrientationLandscapeLeft UIInterfaceOrientationLandscapeRight";
				LD_RUNPATH_SEARCH_PATHS = (
					"$(inherited)",
					"@executable_path/Frameworks",
				);
				MARKETING_VERSION = 1.0;
				PRODUCT_BUNDLE_IDENTIFIER = com.kg.expensetracker;
				PRODUCT_NAME = "$(TARGET_NAME)";
				SWIFT_EMIT_LOC_STRINGS = YES;
				SWIFT_VERSION = 5.0;
				TARGETED_DEVICE_FAMILY = "1,2";
			};
			name = Release;
		};
/* End XCBuildConfiguration section */

/* Begin XCConfigurationList section */
		C1D93A892972050500EA6EFD /* Build configuration list for PBXProject "expensetracker" */ = {
			isa = XCConfigurationList;
			buildConfigurations = (
				C1D93A9A2972050700EA6EFD /* Debug */,
				C1D93A9B2972050700EA6EFD /* Release */,
			);
			defaultConfigurationIsVisible = 0;
			defaultConfigurationName = Release;
		};
		C1D93A9C2972050700EA6EFD /* Build configuration list for PBXNativeTarget "expensetracker" */ = {
			isa = XCConfigurationList;
			buildConfigurations = (
				C1D93A9D2972050700EA6EFD /* Debug */,
				C1D93A9E2972050700EA6EFD /* Release */,
			);
			defaultConfigurationIsVisible = 0;
			defaultConfigurationName = Release;
		};
/* End XCConfigurationList section */

/* Begin XCRemoteSwiftPackageReference section */
		C1D93ABE2972215500EA6EFD /* XCRemoteSwiftPackageReference "SwiftUIFontIcon" */ = {
			isa = XCRemoteSwiftPackageReference;
			repositoryURL = "https://github.com/huybuidac/SwiftUIFontIcon";
			requirement = {
				kind = exactVersion;
				version = 2.1.0;
			};
		};
		C1D93AC12972218300EA6EFD /* XCRemoteSwiftPackageReference "ChartView" */ = {
			isa = XCRemoteSwiftPackageReference;
			repositoryURL = "https://github.com/AppPear/ChartView";
			requirement = {
				kind = exactVersion;
				version = "2.0.0-beta.2";
			};
		};
		C1D93AC42972219F00EA6EFD /* XCRemoteSwiftPackageReference "swift-collections" */ = {
			isa = XCRemoteSwiftPackageReference;
			repositoryURL = "https://github.com/apple/swift-collections.git";
			requirement = {
				kind = exactVersion;
				version = 1.0.2;
			};
		};
/* End XCRemoteSwiftPackageReference section */

/* Begin XCSwiftPackageProductDependency section */
		C1D93ABF2972215500EA6EFD /* SwiftUIFontIcon */ = {
			isa = XCSwiftPackageProductDependency;
			package = C1D93ABE2972215500EA6EFD /* XCRemoteSwiftPackageReference "SwiftUIFontIcon" */;
			productName = SwiftUIFontIcon;
		};
		C1D93AC22972218300EA6EFD /* SwiftUICharts */ = {
			isa = XCSwiftPackageProductDependency;
			package = C1D93AC12972218300EA6EFD /* XCRemoteSwiftPackageReference "ChartView" */;
			productName = SwiftUICharts;
		};
		C1D93AC52972219F00EA6EFD /* Collections */ = {
			isa = XCSwiftPackageProductDependency;
			package = C1D93AC42972219F00EA6EFD /* XCRemoteSwiftPackageReference "swift-collections" */;
			productName = Collections;
		};
		C1D93AC72972219F00EA6EFD /* DequeModule */ = {
			isa = XCSwiftPackageProductDependency;
			package = C1D93AC42972219F00EA6EFD /* XCRemoteSwiftPackageReference "swift-collections" */;
			productName = DequeModule;
		};
		C1D93AC92972219F00EA6EFD /* OrderedCollections */ = {
			isa = XCSwiftPackageProductDependency;
			package = C1D93AC42972219F00EA6EFD /* XCRemoteSwiftPackageReference "swift-collections" */;
			productName = OrderedCollections;
		};
/* End XCSwiftPackageProductDependency section */
	};
	rootObject = C1D93A862972050500EA6EFD /* Project object */;
}
